// !$*UTF8*$!
{
	archiveVersion = 1;
	classes = {
	};
	objectVersion = 56;
	objects = {

/* Begin PBXBuildFile section */
		711A9838299406FA000F225E /* AppDelegate.swift in Sources */ = {isa = PBXBuildFile; fileRef = 711A9837299406FA000F225E /* AppDelegate.swift */; };
		711A983A299406FA000F225E /* SceneDelegate.swift in Sources */ = {isa = PBXBuildFile; fileRef = 711A9839299406FA000F225E /* SceneDelegate.swift */; };
		711A983C299406FA000F225E /* ViewController.swift in Sources */ = {isa = PBXBuildFile; fileRef = 711A983B299406FA000F225E /* ViewController.swift */; };
		711A983F299406FA000F225E /* Main.storyboard in Resources */ = {isa = PBXBuildFile; fileRef = 711A983D299406FA000F225E /* Main.storyboard */; };
		711A9842299406FA000F225E /* iPoke.xcdatamodeld in Sources */ = {isa = PBXBuildFile; fileRef = 711A9840299406FA000F225E /* iPoke.xcdatamodeld */; };
		711A9844299406FC000F225E /* Assets.xcassets in Resources */ = {isa = PBXBuildFile; fileRef = 711A9843299406FC000F225E /* Assets.xcassets */; };
		711A9847299406FC000F225E /* LaunchScreen.storyboard in Resources */ = {isa = PBXBuildFile; fileRef = 711A9845299406FC000F225E /* LaunchScreen.storyboard */; };
		711A9852299406FC000F225E /* iPokeTests.swift in Sources */ = {isa = PBXBuildFile; fileRef = 711A9851299406FC000F225E /* iPokeTests.swift */; };
		711A985C299406FC000F225E /* iPokeUITests.swift in Sources */ = {isa = PBXBuildFile; fileRef = 711A985B299406FC000F225E /* iPokeUITests.swift */; };
		711A985E299406FC000F225E /* iPokeUITestsLaunchTests.swift in Sources */ = {isa = PBXBuildFile; fileRef = 711A985D299406FC000F225E /* iPokeUITestsLaunchTests.swift */; };
/* End PBXBuildFile section */

/* Begin PBXContainerItemProxy section */
		711A984E299406FC000F225E /* PBXContainerItemProxy */ = {
			isa = PBXContainerItemProxy;
			containerPortal = 711A982C299406FA000F225E /* Project object */;
			proxyType = 1;
			remoteGlobalIDString = 711A9833299406FA000F225E;
			remoteInfo = iPoke;
		};
		711A9858299406FC000F225E /* PBXContainerItemProxy */ = {
			isa = PBXContainerItemProxy;
			containerPortal = 711A982C299406FA000F225E /* Project object */;
			proxyType = 1;
			remoteGlobalIDString = 711A9833299406FA000F225E;
			remoteInfo = iPoke;
		};
/* End PBXContainerItemProxy section */

/* Begin PBXFileReference section */
		711A9834299406FA000F225E /* iPoke.app */ = {isa = PBXFileReference; explicitFileType = wrapper.application; includeInIndex = 0; path = iPoke.app; sourceTree = BUILT_PRODUCTS_DIR; };
		711A9837299406FA000F225E /* AppDelegate.swift */ = {isa = PBXFileReference; lastKnownFileType = sourcecode.swift; path = AppDelegate.swift; sourceTree = "<group>"; };
		711A9839299406FA000F225E /* SceneDelegate.swift */ = {isa = PBXFileReference; lastKnownFileType = sourcecode.swift; path = SceneDelegate.swift; sourceTree = "<group>"; };
		711A983B299406FA000F225E /* ViewController.swift */ = {isa = PBXFileReference; lastKnownFileType = sourcecode.swift; path = ViewController.swift; sourceTree = "<group>"; };
		711A983E299406FA000F225E /* Base */ = {isa = PBXFileReference; lastKnownFileType = file.storyboard; name = Base; path = Base.lproj/Main.storyboard; sourceTree = "<group>"; };
		711A9841299406FA000F225E /* iPoke.xcdatamodel */ = {isa = PBXFileReference; lastKnownFileType = wrapper.xcdatamodel; path = iPoke.xcdatamodel; sourceTree = "<group>"; };
		711A9843299406FC000F225E /* Assets.xcassets */ = {isa = PBXFileReference; lastKnownFileType = folder.assetcatalog; path = Assets.xcassets; sourceTree = "<group>"; };
		711A9846299406FC000F225E /* Base */ = {isa = PBXFileReference; lastKnownFileType = file.storyboard; name = Base; path = Base.lproj/LaunchScreen.storyboard; sourceTree = "<group>"; };
		711A9848299406FC000F225E /* Info.plist */ = {isa = PBXFileReference; lastKnownFileType = text.plist.xml; path = Info.plist; sourceTree = "<group>"; };
		711A984D299406FC000F225E /* iPokeTests.xctest */ = {isa = PBXFileReference; explicitFileType = wrapper.cfbundle; includeInIndex = 0; path = iPokeTests.xctest; sourceTree = BUILT_PRODUCTS_DIR; };
		711A9851299406FC000F225E /* iPokeTests.swift */ = {isa = PBXFileReference; lastKnownFileType = sourcecode.swift; path = iPokeTests.swift; sourceTree = "<group>"; };
		711A9857299406FC000F225E /* iPokeUITests.xctest */ = {isa = PBXFileReference; explicitFileType = wrapper.cfbundle; includeInIndex = 0; path = iPokeUITests.xctest; sourceTree = BUILT_PRODUCTS_DIR; };
		711A985B299406FC000F225E /* iPokeUITests.swift */ = {isa = PBXFileReference; lastKnownFileType = sourcecode.swift; path = iPokeUITests.swift; sourceTree = "<group>"; };
		711A985D299406FC000F225E /* iPokeUITestsLaunchTests.swift */ = {isa = PBXFileReference; lastKnownFileType = sourcecode.swift; path = iPokeUITestsLaunchTests.swift; sourceTree = "<group>"; };
/* End PBXFileReference section */

/* Begin PBXFrameworksBuildPhase section */
		711A9831299406FA000F225E /* Frameworks */ = {
			isa = PBXFrameworksBuildPhase;
			buildActionMask = 2147483647;
			files = (
			);
			runOnlyForDeploymentPostprocessing = 0;
		};
		711A984A299406FC000F225E /* Frameworks */ = {
			isa = PBXFrameworksBuildPhase;
			buildActionMask = 2147483647;
			files = (
			);
			runOnlyForDeploymentPostprocessing = 0;
		};
		711A9854299406FC000F225E /* Frameworks */ = {
			isa = PBXFrameworksBuildPhase;
			buildActionMask = 2147483647;
			files = (
			);
			runOnlyForDeploymentPostprocessing = 0;
		};
/* End PBXFrameworksBuildPhase section */

/* Begin PBXGroup section */
		711A982B299406FA000F225E = {
			isa = PBXGroup;
			children = (
				711A9836299406FA000F225E /* iPoke */,
				711A9850299406FC000F225E /* iPokeTests */,
				711A985A299406FC000F225E /* iPokeUITests */,
				711A9835299406FA000F225E /* Products */,
			);
			sourceTree = "<group>";
		};
		711A9835299406FA000F225E /* Products */ = {
			isa = PBXGroup;
			children = (
				711A9834299406FA000F225E /* iPoke.app */,
				711A984D299406FC000F225E /* iPokeTests.xctest */,
				711A9857299406FC000F225E /* iPokeUITests.xctest */,
			);
			name = Products;
			sourceTree = "<group>";
		};
		711A9836299406FA000F225E /* iPoke */ = {
			isa = PBXGroup;
			children = (
				711A9837299406FA000F225E /* AppDelegate.swift */,
				711A9839299406FA000F225E /* SceneDelegate.swift */,
				711A983B299406FA000F225E /* ViewController.swift */,
				711A983D299406FA000F225E /* Main.storyboard */,
				711A9843299406FC000F225E /* Assets.xcassets */,
				711A9845299406FC000F225E /* LaunchScreen.storyboard */,
				711A9848299406FC000F225E /* Info.plist */,
				711A9840299406FA000F225E /* iPoke.xcdatamodeld */,
			);
			path = iPoke;
			sourceTree = "<group>";
		};
		711A9850299406FC000F225E /* iPokeTests */ = {
			isa = PBXGroup;
			children = (
				711A9851299406FC000F225E /* iPokeTests.swift */,
			);
			path = iPokeTests;
			sourceTree = "<group>";
		};
		711A985A299406FC000F225E /* iPokeUITests */ = {
			isa = PBXGroup;
			children = (
				711A985B299406FC000F225E /* iPokeUITests.swift */,
				711A985D299406FC000F225E /* iPokeUITestsLaunchTests.swift */,
			);
			path = iPokeUITests;
			sourceTree = "<group>";
		};
/* End PBXGroup section */

/* Begin PBXNativeTarget section */
		711A9833299406FA000F225E /* iPoke */ = {
			isa = PBXNativeTarget;
			buildConfigurationList = 711A9861299406FC000F225E /* Build configuration list for PBXNativeTarget "iPoke" */;
			buildPhases = (
				711A9830299406FA000F225E /* Sources */,
				711A9831299406FA000F225E /* Frameworks */,
				711A9832299406FA000F225E /* Resources */,
			);
			buildRules = (
			);
			dependencies = (
			);
			name = iPoke;
			productName = iPoke;
			productReference = 711A9834299406FA000F225E /* iPoke.app */;
			productType = "com.apple.product-type.application";
		};
		711A984C299406FC000F225E /* iPokeTests */ = {
			isa = PBXNativeTarget;
			buildConfigurationList = 711A9864299406FC000F225E /* Build configuration list for PBXNativeTarget "iPokeTests" */;
			buildPhases = (
				711A9849299406FC000F225E /* Sources */,
				711A984A299406FC000F225E /* Frameworks */,
				711A984B299406FC000F225E /* Resources */,
			);
			buildRules = (
			);
			dependencies = (
				711A984F299406FC000F225E /* PBXTargetDependency */,
			);
			name = iPokeTests;
			productName = iPokeTests;
			productReference = 711A984D299406FC000F225E /* iPokeTests.xctest */;
			productType = "com.apple.product-type.bundle.unit-test";
		};
		711A9856299406FC000F225E /* iPokeUITests */ = {
			isa = PBXNativeTarget;
			buildConfigurationList = 711A9867299406FC000F225E /* Build configuration list for PBXNativeTarget "iPokeUITests" */;
			buildPhases = (
				711A9853299406FC000F225E /* Sources */,
				711A9854299406FC000F225E /* Frameworks */,
				711A9855299406FC000F225E /* Resources */,
			);
			buildRules = (
			);
			dependencies = (
				711A9859299406FC000F225E /* PBXTargetDependency */,
			);
			name = iPokeUITests;
			productName = iPokeUITests;
			productReference = 711A9857299406FC000F225E /* iPokeUITests.xctest */;
			productType = "com.apple.product-type.bundle.ui-testing";
		};
/* End PBXNativeTarget section */

/* Begin PBXProject section */
		711A982C299406FA000F225E /* Project object */ = {
			isa = PBXProject;
			attributes = {
				BuildIndependentTargetsInParallel = 1;
				LastSwiftUpdateCheck = 1420;
				LastUpgradeCheck = 1420;
				TargetAttributes = {
					711A9833299406FA000F225E = {
						CreatedOnToolsVersion = 14.2;
					};
					711A984C299406FC000F225E = {
						CreatedOnToolsVersion = 14.2;
						TestTargetID = 711A9833299406FA000F225E;
					};
					711A9856299406FC000F225E = {
						CreatedOnToolsVersion = 14.2;
						TestTargetID = 711A9833299406FA000F225E;
					};
				};
			};
			buildConfigurationList = 711A982F299406FA000F225E /* Build configuration list for PBXProject "iPoke" */;
			compatibilityVersion = "Xcode 14.0";
			developmentRegion = en;
			hasScannedForEncodings = 0;
			knownRegions = (
				en,
				Base,
			);
			mainGroup = 711A982B299406FA000F225E;
			productRefGroup = 711A9835299406FA000F225E /* Products */;
			projectDirPath = "";
			projectRoot = "";
			targets = (
				711A9833299406FA000F225E /* iPoke */,
				711A984C299406FC000F225E /* iPokeTests */,
				711A9856299406FC000F225E /* iPokeUITests */,
			);
		};
/* End PBXProject section */

/* Begin PBXResourcesBuildPhase section */
		711A9832299406FA000F225E /* Resources */ = {
			isa = PBXResourcesBuildPhase;
			buildActionMask = 2147483647;
			files = (
				711A9847299406FC000F225E /* LaunchScreen.storyboard in Resources */,
				711A9844299406FC000F225E /* Assets.xcassets in Resources */,
				711A983F299406FA000F225E /* Main.storyboard in Resources */,
			);
			runOnlyForDeploymentPostprocessing = 0;
		};
		711A984B299406FC000F225E /* Resources */ = {
			isa = PBXResourcesBuildPhase;
			buildActionMask = 2147483647;
			files = (
			);
			runOnlyForDeploymentPostprocessing = 0;
		};
		711A9855299406FC000F225E /* Resources */ = {
			isa = PBXResourcesBuildPhase;
			buildActionMask = 2147483647;
			files = (
			);
			runOnlyForDeploymentPostprocessing = 0;
		};
/* End PBXResourcesBuildPhase section */

/* Begin PBXSourcesBuildPhase section */
		711A9830299406FA000F225E /* Sources */ = {
			isa = PBXSourcesBuildPhase;
			buildActionMask = 2147483647;
			files = (
				711A983C299406FA000F225E /* ViewController.swift in Sources */,
				711A9838299406FA000F225E /* AppDelegate.swift in Sources */,
				711A9842299406FA000F225E /* iPoke.xcdatamodeld in Sources */,
				711A983A299406FA000F225E /* SceneDelegate.swift in Sources */,
			);
			runOnlyForDeploymentPostprocessing = 0;
		};
		711A9849299406FC000F225E /* Sources */ = {
			isa = PBXSourcesBuildPhase;
			buildActionMask = 2147483647;
			files = (
				711A9852299406FC000F225E /* iPokeTests.swift in Sources */,
			);
			runOnlyForDeploymentPostprocessing = 0;
		};
		711A9853299406FC000F225E /* Sources */ = {
			isa = PBXSourcesBuildPhase;
			buildActionMask = 2147483647;
			files = (
				711A985C299406FC000F225E /* iPokeUITests.swift in Sources */,
				711A985E299406FC000F225E /* iPokeUITestsLaunchTests.swift in Sources */,
			);
			runOnlyForDeploymentPostprocessing = 0;
		};
/* End PBXSourcesBuildPhase section */

/* Begin PBXTargetDependency section */
		711A984F299406FC000F225E /* PBXTargetDependency */ = {
			isa = PBXTargetDependency;
			target = 711A9833299406FA000F225E /* iPoke */;
			targetProxy = 711A984E299406FC000F225E /* PBXContainerItemProxy */;
		};
		711A9859299406FC000F225E /* PBXTargetDependency */ = {
			isa = PBXTargetDependency;
			target = 711A9833299406FA000F225E /* iPoke */;
			targetProxy = 711A9858299406FC000F225E /* PBXContainerItemProxy */;
		};
/* End PBXTargetDependency section */

/* Begin PBXVariantGroup section */
		711A983D299406FA000F225E /* Main.storyboard */ = {
			isa = PBXVariantGroup;
			children = (
				711A983E299406FA000F225E /* Base */,
			);
			name = Main.storyboard;
			sourceTree = "<group>";
		};
		711A9845299406FC000F225E /* LaunchScreen.storyboard */ = {
			isa = PBXVariantGroup;
			children = (
				711A9846299406FC000F225E /* Base */,
			);
			name = LaunchScreen.storyboard;
			sourceTree = "<group>";
		};
/* End PBXVariantGroup section */

/* Begin XCBuildConfiguration section */
		711A985F299406FC000F225E /* Debug */ = {
			isa = XCBuildConfiguration;
			buildSettings = {
				ALWAYS_SEARCH_USER_PATHS = NO;
				CLANG_ANALYZER_NONNULL = YES;
				CLANG_ANALYZER_NUMBER_OBJECT_CONVERSION = YES_AGGRESSIVE;
				CLANG_CXX_LANGUAGE_STANDARD = "gnu++20";
				CLANG_ENABLE_MODULES = YES;
				CLANG_ENABLE_OBJC_ARC = YES;
				CLANG_ENABLE_OBJC_WEAK = YES;
				CLANG_WARN_BLOCK_CAPTURE_AUTORELEASING = YES;
				CLANG_WARN_BOOL_CONVERSION = YES;
				CLANG_WARN_COMMA = YES;
				CLANG_WARN_CONSTANT_CONVERSION = YES;
				CLANG_WARN_DEPRECATED_OBJC_IMPLEMENTATIONS = YES;
				CLANG_WARN_DIRECT_OBJC_ISA_USAGE = YES_ERROR;
				CLANG_WARN_DOCUMENTATION_COMMENTS = YES;
				CLANG_WARN_EMPTY_BODY = YES;
				CLANG_WARN_ENUM_CONVERSION = YES;
				CLANG_WARN_INFINITE_RECURSION = YES;
				CLANG_WARN_INT_CONVERSION = YES;
				CLANG_WARN_NON_LITERAL_NULL_CONVERSION = YES;
				CLANG_WARN_OBJC_IMPLICIT_RETAIN_SELF = YES;
				CLANG_WARN_OBJC_LITERAL_CONVERSION = YES;
				CLANG_WARN_OBJC_ROOT_CLASS = YES_ERROR;
				CLANG_WARN_QUOTED_INCLUDE_IN_FRAMEWORK_HEADER = YES;
				CLANG_WARN_RANGE_LOOP_ANALYSIS = YES;
				CLANG_WARN_STRICT_PROTOTYPES = YES;
				CLANG_WARN_SUSPICIOUS_MOVE = YES;
				CLANG_WARN_UNGUARDED_AVAILABILITY = YES_AGGRESSIVE;
				CLANG_WARN_UNREACHABLE_CODE = YES;
				CLANG_WARN__DUPLICATE_METHOD_MATCH = YES;
				COPY_PHASE_STRIP = NO;
				DEBUG_INFORMATION_FORMAT = dwarf;
				ENABLE_STRICT_OBJC_MSGSEND = YES;
				ENABLE_TESTABILITY = YES;
				GCC_C_LANGUAGE_STANDARD = gnu11;
				GCC_DYNAMIC_NO_PIC = NO;
				GCC_NO_COMMON_BLOCKS = YES;
				GCC_OPTIMIZATION_LEVEL = 0;
				GCC_PREPROCESSOR_DEFINITIONS = (
					"DEBUG=1",
					"$(inherited)",
				);
				GCC_WARN_64_TO_32_BIT_CONVERSION = YES;
				GCC_WARN_ABOUT_RETURN_TYPE = YES_ERROR;
				GCC_WARN_UNDECLARED_SELECTOR = YES;
				GCC_WARN_UNINITIALIZED_AUTOS = YES_AGGRESSIVE;
				GCC_WARN_UNUSED_FUNCTION = YES;
				GCC_WARN_UNUSED_VARIABLE = YES;
				IPHONEOS_DEPLOYMENT_TARGET = 16.2;
				MTL_ENABLE_DEBUG_INFO = INCLUDE_SOURCE;
				MTL_FAST_MATH = YES;
				ONLY_ACTIVE_ARCH = YES;
				SDKROOT = iphoneos;
				SWIFT_ACTIVE_COMPILATION_CONDITIONS = DEBUG;
				SWIFT_OPTIMIZATION_LEVEL = "-Onone";
			};
			name = Debug;
		};
		711A9860299406FC000F225E /* Release */ = {
			isa = XCBuildConfiguration;
			buildSettings = {
				ALWAYS_SEARCH_USER_PATHS = NO;
				CLANG_ANALYZER_NONNULL = YES;
				CLANG_ANALYZER_NUMBER_OBJECT_CONVERSION = YES_AGGRESSIVE;
				CLANG_CXX_LANGUAGE_STANDARD = "gnu++20";
				CLANG_ENABLE_MODULES = YES;
				CLANG_ENABLE_OBJC_ARC = YES;
				CLANG_ENABLE_OBJC_WEAK = YES;
				CLANG_WARN_BLOCK_CAPTURE_AUTORELEASING = YES;
				CLANG_WARN_BOOL_CONVERSION = YES;
				CLANG_WARN_COMMA = YES;
				CLANG_WARN_CONSTANT_CONVERSION = YES;
				CLANG_WARN_DEPRECATED_OBJC_IMPLEMENTATIONS = YES;
				CLANG_WARN_DIRECT_OBJC_ISA_USAGE = YES_ERROR;
				CLANG_WARN_DOCUMENTATION_COMMENTS = YES;
				CLANG_WARN_EMPTY_BODY = YES;
				CLANG_WARN_ENUM_CONVERSION = YES;
				CLANG_WARN_INFINITE_RECURSION = YES;
				CLANG_WARN_INT_CONVERSION = YES;
				CLANG_WARN_NON_LITERAL_NULL_CONVERSION = YES;
				CLANG_WARN_OBJC_IMPLICIT_RETAIN_SELF = YES;
				CLANG_WARN_OBJC_LITERAL_CONVERSION = YES;
				CLANG_WARN_OBJC_ROOT_CLASS = YES_ERROR;
				CLANG_WARN_QUOTED_INCLUDE_IN_FRAMEWORK_HEADER = YES;
				CLANG_WARN_RANGE_LOOP_ANALYSIS = YES;
				CLANG_WARN_STRICT_PROTOTYPES = YES;
				CLANG_WARN_SUSPICIOUS_MOVE = YES;
				CLANG_WARN_UNGUARDED_AVAILABILITY = YES_AGGRESSIVE;
				CLANG_WARN_UNREACHABLE_CODE = YES;
				CLANG_WARN__DUPLICATE_METHOD_MATCH = YES;
				COPY_PHASE_STRIP = NO;
				DEBUG_INFORMATION_FORMAT = "dwarf-with-dsym";
				ENABLE_NS_ASSERTIONS = NO;
				ENABLE_STRICT_OBJC_MSGSEND = YES;
				GCC_C_LANGUAGE_STANDARD = gnu11;
				GCC_NO_COMMON_BLOCKS = YES;
				GCC_WARN_64_TO_32_BIT_CONVERSION = YES;
				GCC_WARN_ABOUT_RETURN_TYPE = YES_ERROR;
				GCC_WARN_UNDECLARED_SELECTOR = YES;
				GCC_WARN_UNINITIALIZED_AUTOS = YES_AGGRESSIVE;
				GCC_WARN_UNUSED_FUNCTION = YES;
				GCC_WARN_UNUSED_VARIABLE = YES;
				IPHONEOS_DEPLOYMENT_TARGET = 16.2;
				MTL_ENABLE_DEBUG_INFO = NO;
				MTL_FAST_MATH = YES;
				SDKROOT = iphoneos;
				SWIFT_COMPILATION_MODE = wholemodule;
				SWIFT_OPTIMIZATION_LEVEL = "-O";
				VALIDATE_PRODUCT = YES;
			};
			name = Release;
		};
		711A9862299406FC000F225E /* Debug */ = {
			isa = XCBuildConfiguration;
			buildSettings = {
				ASSETCATALOG_COMPILER_APPICON_NAME = AppIcon;
				ASSETCATALOG_COMPILER_GLOBAL_ACCENT_COLOR_NAME = AccentColor;
				CODE_SIGN_STYLE = Automatic;
				CURRENT_PROJECT_VERSION = 1;
				DEVELOPMENT_TEAM = 278X95PFN5;
				GENERATE_INFOPLIST_FILE = YES;
				INFOPLIST_FILE = iPoke/Info.plist;
				INFOPLIST_KEY_UIApplicationSupportsIndirectInputEvents = YES;
				INFOPLIST_KEY_UILaunchStoryboardName = LaunchScreen;
				INFOPLIST_KEY_UIMainStoryboardFile = Main;
				INFOPLIST_KEY_UISupportedInterfaceOrientations_iPad = "UIInterfaceOrientationPortrait UIInterfaceOrientationPortraitUpsideDown UIInterfaceOrientationLandscapeLeft UIInterfaceOrientationLandscapeRight";
				INFOPLIST_KEY_UISupportedInterfaceOrientations_iPhone = "UIInterfaceOrientationPortrait UIInterfaceOrientationLandscapeLeft UIInterfaceOrientationLandscapeRight";
				LD_RUNPATH_SEARCH_PATHS = (
					"$(inherited)",
					"@executable_path/Frameworks",
				);
				MARKETING_VERSION = 1.0;
				PRODUCT_BUNDLE_IDENTIFIER = br.com.yandeveloper.iPoke;
				PRODUCT_NAME = "$(TARGET_NAME)";
				SWIFT_EMIT_LOC_STRINGS = YES;
				SWIFT_VERSION = 5.0;
				TARGETED_DEVICE_FAMILY = "1,2";
			};
			name = Debug;
		};
		711A9863299406FC000F225E /* Release */ = {
			isa = XCBuildConfiguration;
			buildSettings = {
				ASSETCATALOG_COMPILER_APPICON_NAME = AppIcon;
				ASSETCATALOG_COMPILER_GLOBAL_ACCENT_COLOR_NAME = AccentColor;
				CODE_SIGN_STYLE = Automatic;
				CURRENT_PROJECT_VERSION = 1;
				DEVELOPMENT_TEAM = 278X95PFN5;
				GENERATE_INFOPLIST_FILE = YES;
				INFOPLIST_FILE = iPoke/Info.plist;
				INFOPLIST_KEY_UIApplicationSupportsIndirectInputEvents = YES;
				INFOPLIST_KEY_UILaunchStoryboardName = LaunchScreen;
				INFOPLIST_KEY_UIMainStoryboardFile = Main;
				INFOPLIST_KEY_UISupportedInterfaceOrientations_iPad = "UIInterfaceOrientationPortrait UIInterfaceOrientationPortraitUpsideDown UIInterfaceOrientationLandscapeLeft UIInterfaceOrientationLandscapeRight";
				INFOPLIST_KEY_UISupportedInterfaceOrientations_iPhone = "UIInterfaceOrientationPortrait UIInterfaceOrientationLandscapeLeft UIInterfaceOrientationLandscapeRight";
				LD_RUNPATH_SEARCH_PATHS = (
					"$(inherited)",
					"@executable_path/Frameworks",
				);
				MARKETING_VERSION = 1.0;
				PRODUCT_BUNDLE_IDENTIFIER = br.com.yandeveloper.iPoke;
				PRODUCT_NAME = "$(TARGET_NAME)";
				SWIFT_EMIT_LOC_STRINGS = YES;
				SWIFT_VERSION = 5.0;
				TARGETED_DEVICE_FAMILY = "1,2";
			};
			name = Release;
		};
		711A9865299406FC000F225E /* Debug */ = {
			isa = XCBuildConfiguration;
			buildSettings = {
				ALWAYS_EMBED_SWIFT_STANDARD_LIBRARIES = YES;
				BUNDLE_LOADER = "$(TEST_HOST)";
				CODE_SIGN_STYLE = Automatic;
				CURRENT_PROJECT_VERSION = 1;
				DEVELOPMENT_TEAM = 278X95PFN5;
				GENERATE_INFOPLIST_FILE = YES;
				IPHONEOS_DEPLOYMENT_TARGET = 16.2;
				MARKETING_VERSION = 1.0;
				PRODUCT_BUNDLE_IDENTIFIER = br.com.yandeveloper.iPokeTests;
				PRODUCT_NAME = "$(TARGET_NAME)";
				SWIFT_EMIT_LOC_STRINGS = NO;
				SWIFT_VERSION = 5.0;
				TARGETED_DEVICE_FAMILY = "1,2";
				TEST_HOST = "$(BUILT_PRODUCTS_DIR)/iPoke.app/$(BUNDLE_EXECUTABLE_FOLDER_PATH)/iPoke";
			};
			name = Debug;
		};
		711A9866299406FC000F225E /* Release */ = {
			isa = XCBuildConfiguration;
			buildSettings = {
				ALWAYS_EMBED_SWIFT_STANDARD_LIBRARIES = YES;
				BUNDLE_LOADER = "$(TEST_HOST)";
				CODE_SIGN_STYLE = Automatic;
				CURRENT_PROJECT_VERSION = 1;
				DEVELOPMENT_TEAM = 278X95PFN5;
				GENERATE_INFOPLIST_FILE = YES;
				IPHONEOS_DEPLOYMENT_TARGET = 16.2;
				MARKETING_VERSION = 1.0;
				PRODUCT_BUNDLE_IDENTIFIER = br.com.yandeveloper.iPokeTests;
				PRODUCT_NAME = "$(TARGET_NAME)";
				SWIFT_EMIT_LOC_STRINGS = NO;
				SWIFT_VERSION = 5.0;
				TARGETED_DEVICE_FAMILY = "1,2";
				TEST_HOST = "$(BUILT_PRODUCTS_DIR)/iPoke.app/$(BUNDLE_EXECUTABLE_FOLDER_PATH)/iPoke";
			};
			name = Release;
		};
		711A9868299406FC000F225E /* Debug */ = {
			isa = XCBuildConfiguration;
			buildSettings = {
				ALWAYS_EMBED_SWIFT_STANDARD_LIBRARIES = YES;
				CODE_SIGN_STYLE = Automatic;
				CURRENT_PROJECT_VERSION = 1;
				DEVELOPMENT_TEAM = 278X95PFN5;
				GENERATE_INFOPLIST_FILE = YES;
				MARKETING_VERSION = 1.0;
				PRODUCT_BUNDLE_IDENTIFIER = br.com.yandeveloper.iPokeUITests;
				PRODUCT_NAME = "$(TARGET_NAME)";
				SWIFT_EMIT_LOC_STRINGS = NO;
				SWIFT_VERSION = 5.0;
				TARGETED_DEVICE_FAMILY = "1,2";
				TEST_TARGET_NAME = iPoke;
			};
			name = Debug;
		};
		711A9869299406FC000F225E /* Release */ = {
			isa = XCBuildConfiguration;
			buildSettings = {
				ALWAYS_EMBED_SWIFT_STANDARD_LIBRARIES = YES;
				CODE_SIGN_STYLE = Automatic;
				CURRENT_PROJECT_VERSION = 1;
				DEVELOPMENT_TEAM = 278X95PFN5;
				GENERATE_INFOPLIST_FILE = YES;
				MARKETING_VERSION = 1.0;
				PRODUCT_BUNDLE_IDENTIFIER = br.com.yandeveloper.iPokeUITests;
				PRODUCT_NAME = "$(TARGET_NAME)";
				SWIFT_EMIT_LOC_STRINGS = NO;
				SWIFT_VERSION = 5.0;
				TARGETED_DEVICE_FAMILY = "1,2";
				TEST_TARGET_NAME = iPoke;
			};
			name = Release;
		};
/* End XCBuildConfiguration section */

/* Begin XCConfigurationList section */
		711A982F299406FA000F225E /* Build configuration list for PBXProject "iPoke" */ = {
			isa = XCConfigurationList;
			buildConfigurations = (
				711A985F299406FC000F225E /* Debug */,
				711A9860299406FC000F225E /* Release */,
			);
			defaultConfigurationIsVisible = 0;
			defaultConfigurationName = Release;
		};
		711A9861299406FC000F225E /* Build configuration list for PBXNativeTarget "iPoke" */ = {
			isa = XCConfigurationList;
			buildConfigurations = (
				711A9862299406FC000F225E /* Debug */,
				711A9863299406FC000F225E /* Release */,
			);
			defaultConfigurationIsVisible = 0;
			defaultConfigurationName = Release;
		};
		711A9864299406FC000F225E /* Build configuration list for PBXNativeTarget "iPokeTests" */ = {
			isa = XCConfigurationList;
			buildConfigurations = (
				711A9865299406FC000F225E /* Debug */,
				711A9866299406FC000F225E /* Release */,
			);
			defaultConfigurationIsVisible = 0;
			defaultConfigurationName = Release;
		};
		711A9867299406FC000F225E /* Build configuration list for PBXNativeTarget "iPokeUITests" */ = {
			isa = XCConfigurationList;
			buildConfigurations = (
				711A9868299406FC000F225E /* Debug */,
				711A9869299406FC000F225E /* Release */,
			);
			defaultConfigurationIsVisible = 0;
			defaultConfigurationName = Release;
		};
/* End XCConfigurationList section */

/* Begin XCVersionGroup section */
		711A9840299406FA000F225E /* iPoke.xcdatamodeld */ = {
			isa = XCVersionGroup;
			children = (
				711A9841299406FA000F225E /* iPoke.xcdatamodel */,
			);
			currentVersion = 711A9841299406FA000F225E /* iPoke.xcdatamodel */;
			path = iPoke.xcdatamodeld;
			sourceTree = "<group>";
			versionGroupType = wrapper.xcdatamodel;
		};
/* End XCVersionGroup section */
	};
	rootObject = 711A982C299406FA000F225E /* Project object */;
}
